
Microsoft Visual Studio Solution File, Format Version 12.00
# Visual Studio Version 17
VisualStudioVersion = 17.4.33213.308
MinimumVisualStudioVersion = 10.0.40219.1
Project("{9A19103F-16F7-4668-BE54-9A1E7A4F7556}") = "OnlineCommunity", "OnlineCommunity\OnlineCommunity.csproj", "{FEC9903D-A67C-48B5-BC1B-F2F90B44F6C2}"
EndProject
Project("{9A19103F-16F7-4668-BE54-9A1E7A4F7556}") = "OnlineCommunityDomain", "OnlineCommunityDomain\OnlineCommunityDomain.csproj", "{34927199-B04B-4A08-AEEE-DDBD76B4809F}"
EndProject
Project("{9A19103F-16F7-4668-BE54-9A1E7A4F7556}") = "DataAccess", "DataAccess\DataAccess.csproj", "{D59A88C8-F6CD-4B50-B1B0-31D9B1B45EAD}"
EndProject
Project("{FAE04EC0-301F-11D3-BF4B-00C04F79EFBC}") = "PersistenceLayer", "PersistenceLayer\PersistenceLayer.csproj", "{2BC14011-1972-4A0B-A91D-AF4F2A3E1331}"
EndProject
Global
	GlobalSection(SolutionConfigurationPlatforms) = preSolution
		Debug|Any CPU = Debug|Any CPU
		Release|Any CPU = Release|Any CPU
	EndGlobalSection
	GlobalSection(ProjectConfigurationPlatforms) = postSolution
		{FEC9903D-A67C-48B5-BC1B-F2F90B44F6C2}.Debug|Any CPU.ActiveCfg = Debug|Any CPU
		{FEC9903D-A67C-48B5-BC1B-F2F90B44F6C2}.Debug|Any CPU.Build.0 = Debug|Any CPU
		{FEC9903D-A67C-48B5-BC1B-F2F90B44F6C2}.Release|Any CPU.ActiveCfg = Release|Any CPU
		{FEC9903D-A67C-48B5-BC1B-F2F90B44F6C2}.Release|Any CPU.Build.0 = Release|Any CPU
		{34927199-B04B-4A08-AEEE-DDBD76B4809F}.Debug|Any CPU.ActiveCfg = Debug|Any CPU
		{34927199-B04B-4A08-AEEE-DDBD76B4809F}.Debug|Any CPU.Build.0 = Debug|Any CPU
		{34927199-B04B-4A08-AEEE-DDBD76B4809F}.Release|Any CPU.ActiveCfg = Release|Any CPU
		{34927199-B04B-4A08-AEEE-DDBD76B4809F}.Release|Any CPU.Build.0 = Release|Any CPU
		{D59A88C8-F6CD-4B50-B1B0-31D9B1B45EAD}.Debug|Any CPU.ActiveCfg = Debug|Any CPU
		{D59A88C8-F6CD-4B50-B1B0-31D9B1B45EAD}.Debug|Any CPU.Build.0 = Debug|Any CPU
		{D59A88C8-F6CD-4B50-B1B0-31D9B1B45EAD}.Release|Any CPU.ActiveCfg = Release|Any CPU
		{D59A88C8-F6CD-4B50-B1B0-31D9B1B45EAD}.Release|Any CPU.Build.0 = Release|Any CPU
		{2BC14011-1972-4A0B-A91D-AF4F2A3E1331}.Debug|Any CPU.ActiveCfg = Debug|Any CPU
		{2BC14011-1972-4A0B-A91D-AF4F2A3E1331}.Debug|Any CPU.Build.0 = Debug|Any CPU
		{2BC14011-1972-4A0B-A91D-AF4F2A3E1331}.Release|Any CPU.ActiveCfg = Release|Any CPU
		{2BC14011-1972-4A0B-A91D-AF4F2A3E1331}.Release|Any CPU.Build.0 = Release|Any CPU
	EndGlobalSection
	GlobalSection(SolutionProperties) = preSolution
		HideSolutionNode = FALSE
	EndGlobalSection
	GlobalSection(ExtensibilityGlobals) = postSolution
		SolutionGuid = {59A5AE90-1F02-4872-8C14-49D3B741DD01}
	EndGlobalSection
EndGlobal
